lockfileVersion: '9.0'

settings:
  autoInstallPeers: true
  excludeLinksFromLockfile: false

importers:

  .:
    dependencies:
      '@types/node':
        specifier: ^24.2.0
        version: 24.2.0
      path-to-regexp:
        specifier: ^8.2.0
        version: 8.2.0
      typescript:
        specifier: ^5.9.2
        version: 5.9.2
    devDependencies:
      '@himbo22/sum':
        specifier: ^1.0.5
        version: 1.0.5

packages:

  '@himbo22/sum@1.0.5':
    resolution: {integrity: sha512-0L1pFXhFPCf1kjh+Zdn1O9clwMr2GSOfRoOZq2ahfK2AZPTne4Z1TCGOAzSsFQsDSSH2F3J1xO/ZFgElmN0pcQ==}

  '@types/node@24.2.0':
    resolution: {integrity: sha512-3xyG3pMCq3oYCNg7/ZP+E1ooTaGB4cG8JWRsqqOYQdbWNY4zbaV0Ennrd7stjiJEFZCaybcIgpTjJWHRfBSIDw==}

  path-to-regexp@8.2.0:
    resolution: {integrity: sha512-TdrF7fW9Rphjq4RjrW0Kp2AW0Ahwu9sRGTkS6bvDi0SCwZlEZYmcfDbEsTz8RVk0EHIS/Vd1bv3JhG+1xZuAyQ==}
    engines: {node: '>=16'}

  typescript@5.9.2:
    resolution: {integrity: sha512-CWBzXQrc/qOkhidw1OzBTQuYRbfyxDXJMVJ1XNwUHGROVmuaeiEm3OslpZ1RV96d7SKKjZKrSJu3+t/xlw3R9A==}
    engines: {node: '>=14.17'}
    hasBin: true

  undici-types@7.10.0:
    resolution: {integrity: sha512-t5Fy/nfn+14LuOc2KNYg75vZqClpAiqscVvMygNnlsHBFpSXdJaYtXMcdNLpl/Qvc3P2cB3s6lOV51nqsFq4ag==}

snapshots:

  '@himbo22/sum@1.0.5': {}

  '@types/node@24.2.0':
    dependencies:
      undici-types: 7.10.0

  path-to-regexp@8.2.0: {}

  typescript@5.9.2: {}

  undici-types@7.10.0: {}
